// !$*UTF8*$!
{
	archiveVersion = 1;
	classes = {
	};
	objectVersion = 55;
	objects = {

/* Begin PBXBuildFile section */
		74078AAD876ED71443DDBD7F /* Pods_MCU_App_MCU_AppUITests.framework in Frameworks */ = {isa = PBXBuildFile; fileRef = FD0C43C1E34B8B5C04EF92B4 /* Pods_MCU_App_MCU_AppUITests.framework */; };
		890A292A600A1BDA4590E835 /* Pods_MCU_AppTests.framework in Frameworks */ = {isa = PBXBuildFile; fileRef = 13121B31A9CEDB401D4C31FA /* Pods_MCU_AppTests.framework */; };
		AB456284DA646C988D623697 /* Pods_MCU_App.framework in Frameworks */ = {isa = PBXBuildFile; fileRef = 88ED77952B108B6C1E2751CE /* Pods_MCU_App.framework */; };
		B45F255528388B9200170675 /* MCUmovieCell.swift in Sources */ = {isa = PBXBuildFile; fileRef = B45F255328388B9200170675 /* MCUmovieCell.swift */; };
		B45F255628388B9200170675 /* MCUmovieCell.xib in Resources */ = {isa = PBXBuildFile; fileRef = B45F255428388B9200170675 /* MCUmovieCell.xib */; };
		B45F255928388E8B00170675 /* MCUModel.swift in Sources */ = {isa = PBXBuildFile; fileRef = B45F255828388E8B00170675 /* MCUModel.swift */; };
		B45F255C2838920700170675 /* Kingfisher in Frameworks */ = {isa = PBXBuildFile; productRef = B45F255B2838920700170675 /* Kingfisher */; };
		B45F255F283893E400170675 /* MCUViewModel.swift in Sources */ = {isa = PBXBuildFile; fileRef = B45F255E283893E400170675 /* MCUViewModel.swift */; };
		B45F25622839C48D00170675 /* MCUAPI.swift in Sources */ = {isa = PBXBuildFile; fileRef = B45F25612839C48D00170675 /* MCUAPI.swift */; };
		B45F256A2839FAFB00170675 /* MCUViewCellState.swift in Sources */ = {isa = PBXBuildFile; fileRef = B45F25692839FAFA00170675 /* MCUViewCellState.swift */; };
		B45F256E283A268500170675 /* MCUdramaCell.swift in Sources */ = {isa = PBXBuildFile; fileRef = B45F256C283A268500170675 /* MCUdramaCell.swift */; };
		B45F256F283A268500170675 /* MCUdramaCell.xib in Resources */ = {isa = PBXBuildFile; fileRef = B45F256D283A268500170675 /* MCUdramaCell.xib */; };
		B4C81D9A28378EA6002E2D4C /* AppDelegate.swift in Sources */ = {isa = PBXBuildFile; fileRef = B4C81D9928378EA6002E2D4C /* AppDelegate.swift */; };
		B4C81D9C28378EA6002E2D4C /* SceneDelegate.swift in Sources */ = {isa = PBXBuildFile; fileRef = B4C81D9B28378EA6002E2D4C /* SceneDelegate.swift */; };
		B4C81D9E28378EA6002E2D4C /* MCUmovieViewController.swift in Sources */ = {isa = PBXBuildFile; fileRef = B4C81D9D28378EA6002E2D4C /* MCUmovieViewController.swift */; };
		B4C81DA128378EA7002E2D4C /* MCUmovie.storyboard in Resources */ = {isa = PBXBuildFile; fileRef = B4C81D9F28378EA6002E2D4C /* MCUmovie.storyboard */; };
		B4C81DA328378EB3002E2D4C /* Assets.xcassets in Resources */ = {isa = PBXBuildFile; fileRef = B4C81DA228378EB3002E2D4C /* Assets.xcassets */; };
		B4C81DA628378EB3002E2D4C /* LaunchScreen.storyboard in Resources */ = {isa = PBXBuildFile; fileRef = B4C81DA428378EB3002E2D4C /* LaunchScreen.storyboard */; };
		B4C81DB128378EB3002E2D4C /* MCU_AppTests.swift in Sources */ = {isa = PBXBuildFile; fileRef = B4C81DB028378EB3002E2D4C /* MCU_AppTests.swift */; };
		B4C81DBB28378EB3002E2D4C /* MCU_AppUITests.swift in Sources */ = {isa = PBXBuildFile; fileRef = B4C81DBA28378EB3002E2D4C /* MCU_AppUITests.swift */; };
		B4C81DBD28378EB3002E2D4C /* MCU_AppUITestsLaunchTests.swift in Sources */ = {isa = PBXBuildFile; fileRef = B4C81DBC28378EB3002E2D4C /* MCU_AppUITestsLaunchTests.swift */; };
		B4C81DCB28378F3D002E2D4C /* Realm in Frameworks */ = {isa = PBXBuildFile; productRef = B4C81DCA28378F3D002E2D4C /* Realm */; };
		B4C81DCD28378F3D002E2D4C /* RealmSwift in Frameworks */ = {isa = PBXBuildFile; productRef = B4C81DCC28378F3D002E2D4C /* RealmSwift */; };
		B4C81DD128378F9A002E2D4C /* Moya in Frameworks */ = {isa = PBXBuildFile; productRef = B4C81DD028378F9A002E2D4C /* Moya */; };
		B4C81DD328378F9A002E2D4C /* ReactiveMoya in Frameworks */ = {isa = PBXBuildFile; productRef = B4C81DD228378F9A002E2D4C /* ReactiveMoya */; };
		B4C81DD528378F9A002E2D4C /* RxMoya in Frameworks */ = {isa = PBXBuildFile; productRef = B4C81DD428378F9A002E2D4C /* RxMoya */; };
		B4C81DD828386CED002E2D4C /* Parchment in Frameworks */ = {isa = PBXBuildFile; productRef = B4C81DD728386CED002E2D4C /* Parchment */; };
		B4C81DDC28386ED1002E2D4C /* MCUdramaViewController.swift in Sources */ = {isa = PBXBuildFile; fileRef = B4C81DDB28386ED1002E2D4C /* MCUdramaViewController.swift */; };
		B4C81DDE28386EDC002E2D4C /* MCUdrama.storyboard in Resources */ = {isa = PBXBuildFile; fileRef = B4C81DDD28386EDC002E2D4C /* MCUdrama.storyboard */; };
		B4C81DE12838710F002E2D4C /* Storyboard+.swift in Sources */ = {isa = PBXBuildFile; fileRef = B4C81DE02838710F002E2D4C /* Storyboard+.swift */; };
		B4C81DE328387D47002E2D4C /* HomeViewController.swift in Sources */ = {isa = PBXBuildFile; fileRef = B4C81DE228387D47002E2D4C /* HomeViewController.swift */; };
		B4C81DE628387D58002E2D4C /* Home.storyboard in Resources */ = {isa = PBXBuildFile; fileRef = B4C81DE528387D58002E2D4C /* Home.storyboard */; };
		B4C81DEC283883B2002E2D4C /* FavoriteViewController.swift in Sources */ = {isa = PBXBuildFile; fileRef = B4C81DEB283883B2002E2D4C /* FavoriteViewController.swift */; };
		B4C81DEE283883BC002E2D4C /* Favorite.storyboard in Resources */ = {isa = PBXBuildFile; fileRef = B4C81DED283883BC002E2D4C /* Favorite.storyboard */; };
/* End PBXBuildFile section */

/* Begin PBXContainerItemProxy section */
		B4C81DAD28378EB3002E2D4C /* PBXContainerItemProxy */ = {
			isa = PBXContainerItemProxy;
			containerPortal = B4C81D8E28378EA6002E2D4C /* Project object */;
			proxyType = 1;
			remoteGlobalIDString = B4C81D9528378EA6002E2D4C;
			remoteInfo = "MCU-App";
		};
		B4C81DB728378EB3002E2D4C /* PBXContainerItemProxy */ = {
			isa = PBXContainerItemProxy;
			containerPortal = B4C81D8E28378EA6002E2D4C /* Project object */;
			proxyType = 1;
			remoteGlobalIDString = B4C81D9528378EA6002E2D4C;
			remoteInfo = "MCU-App";
		};
/* End PBXContainerItemProxy section */

/* Begin PBXFileReference section */
		13121B31A9CEDB401D4C31FA /* Pods_MCU_AppTests.framework */ = {isa = PBXFileReference; explicitFileType = wrapper.framework; includeInIndex = 0; path = Pods_MCU_AppTests.framework; sourceTree = BUILT_PRODUCTS_DIR; };
		7A065C1A98D17D3A34397881 /* Pods-MCU-App-MCU-AppUITests.release.xcconfig */ = {isa = PBXFileReference; includeInIndex = 1; lastKnownFileType = text.xcconfig; name = "Pods-MCU-App-MCU-AppUITests.release.xcconfig"; path = "Target Support Files/Pods-MCU-App-MCU-AppUITests/Pods-MCU-App-MCU-AppUITests.release.xcconfig"; sourceTree = "<group>"; };
		88ED77952B108B6C1E2751CE /* Pods_MCU_App.framework */ = {isa = PBXFileReference; explicitFileType = wrapper.framework; includeInIndex = 0; path = Pods_MCU_App.framework; sourceTree = BUILT_PRODUCTS_DIR; };
		92037CE2724F24F8A5B5C458 /* Pods-MCU-App.release.xcconfig */ = {isa = PBXFileReference; includeInIndex = 1; lastKnownFileType = text.xcconfig; name = "Pods-MCU-App.release.xcconfig"; path = "Target Support Files/Pods-MCU-App/Pods-MCU-App.release.xcconfig"; sourceTree = "<group>"; };
		A32840237E30861B4A561194 /* Pods-MCU-AppTests.debug.xcconfig */ = {isa = PBXFileReference; includeInIndex = 1; lastKnownFileType = text.xcconfig; name = "Pods-MCU-AppTests.debug.xcconfig"; path = "Target Support Files/Pods-MCU-AppTests/Pods-MCU-AppTests.debug.xcconfig"; sourceTree = "<group>"; };
		B45F255328388B9200170675 /* MCUmovieCell.swift */ = {isa = PBXFileReference; lastKnownFileType = sourcecode.swift; path = MCUmovieCell.swift; sourceTree = "<group>"; };
		B45F255428388B9200170675 /* MCUmovieCell.xib */ = {isa = PBXFileReference; lastKnownFileType = file.xib; path = MCUmovieCell.xib; sourceTree = "<group>"; };
		B45F255828388E8B00170675 /* MCUModel.swift */ = {isa = PBXFileReference; lastKnownFileType = sourcecode.swift; path = MCUModel.swift; sourceTree = "<group>"; };
		B45F255E283893E400170675 /* MCUViewModel.swift */ = {isa = PBXFileReference; lastKnownFileType = sourcecode.swift; path = MCUViewModel.swift; sourceTree = "<group>"; };
		B45F25612839C48D00170675 /* MCUAPI.swift */ = {isa = PBXFileReference; lastKnownFileType = sourcecode.swift; path = MCUAPI.swift; sourceTree = "<group>"; };
		B45F25692839FAFA00170675 /* MCUViewCellState.swift */ = {isa = PBXFileReference; lastKnownFileType = sourcecode.swift; path = MCUViewCellState.swift; sourceTree = "<group>"; };
		B45F256C283A268500170675 /* MCUdramaCell.swift */ = {isa = PBXFileReference; lastKnownFileType = sourcecode.swift; path = MCUdramaCell.swift; sourceTree = "<group>"; };
		B45F256D283A268500170675 /* MCUdramaCell.xib */ = {isa = PBXFileReference; lastKnownFileType = file.xib; path = MCUdramaCell.xib; sourceTree = "<group>"; };
		B4C81D9628378EA6002E2D4C /* MCU-App.app */ = {isa = PBXFileReference; explicitFileType = wrapper.application; includeInIndex = 0; path = "MCU-App.app"; sourceTree = BUILT_PRODUCTS_DIR; };
		B4C81D9928378EA6002E2D4C /* AppDelegate.swift */ = {isa = PBXFileReference; lastKnownFileType = sourcecode.swift; path = AppDelegate.swift; sourceTree = "<group>"; };
		B4C81D9B28378EA6002E2D4C /* SceneDelegate.swift */ = {isa = PBXFileReference; lastKnownFileType = sourcecode.swift; path = SceneDelegate.swift; sourceTree = "<group>"; };
		B4C81D9D28378EA6002E2D4C /* MCUmovieViewController.swift */ = {isa = PBXFileReference; lastKnownFileType = sourcecode.swift; path = MCUmovieViewController.swift; sourceTree = "<group>"; };
		B4C81DA028378EA7002E2D4C /* Base */ = {isa = PBXFileReference; lastKnownFileType = file.storyboard; name = Base; path = Base.lproj/MCUmovie.storyboard; sourceTree = "<group>"; };
		B4C81DA228378EB3002E2D4C /* Assets.xcassets */ = {isa = PBXFileReference; lastKnownFileType = folder.assetcatalog; path = Assets.xcassets; sourceTree = "<group>"; };
		B4C81DA528378EB3002E2D4C /* Base */ = {isa = PBXFileReference; lastKnownFileType = file.storyboard; name = Base; path = Base.lproj/LaunchScreen.storyboard; sourceTree = "<group>"; };
		B4C81DA728378EB3002E2D4C /* Info.plist */ = {isa = PBXFileReference; lastKnownFileType = text.plist.xml; path = Info.plist; sourceTree = "<group>"; };
		B4C81DAC28378EB3002E2D4C /* MCU-AppTests.xctest */ = {isa = PBXFileReference; explicitFileType = wrapper.cfbundle; includeInIndex = 0; path = "MCU-AppTests.xctest"; sourceTree = BUILT_PRODUCTS_DIR; };
		B4C81DB028378EB3002E2D4C /* MCU_AppTests.swift */ = {isa = PBXFileReference; lastKnownFileType = sourcecode.swift; path = MCU_AppTests.swift; sourceTree = "<group>"; };
		B4C81DB628378EB3002E2D4C /* MCU-AppUITests.xctest */ = {isa = PBXFileReference; explicitFileType = wrapper.cfbundle; includeInIndex = 0; path = "MCU-AppUITests.xctest"; sourceTree = BUILT_PRODUCTS_DIR; };
		B4C81DBA28378EB3002E2D4C /* MCU_AppUITests.swift */ = {isa = PBXFileReference; lastKnownFileType = sourcecode.swift; path = MCU_AppUITests.swift; sourceTree = "<group>"; };
		B4C81DBC28378EB3002E2D4C /* MCU_AppUITestsLaunchTests.swift */ = {isa = PBXFileReference; lastKnownFileType = sourcecode.swift; path = MCU_AppUITestsLaunchTests.swift; sourceTree = "<group>"; };
		B4C81DDB28386ED1002E2D4C /* MCUdramaViewController.swift */ = {isa = PBXFileReference; lastKnownFileType = sourcecode.swift; path = MCUdramaViewController.swift; sourceTree = "<group>"; };
		B4C81DDD28386EDC002E2D4C /* MCUdrama.storyboard */ = {isa = PBXFileReference; lastKnownFileType = file.storyboard; path = MCUdrama.storyboard; sourceTree = "<group>"; };
		B4C81DE02838710F002E2D4C /* Storyboard+.swift */ = {isa = PBXFileReference; lastKnownFileType = sourcecode.swift; path = "Storyboard+.swift"; sourceTree = "<group>"; };
		B4C81DE228387D47002E2D4C /* HomeViewController.swift */ = {isa = PBXFileReference; lastKnownFileType = sourcecode.swift; path = HomeViewController.swift; sourceTree = "<group>"; };
		B4C81DE528387D58002E2D4C /* Home.storyboard */ = {isa = PBXFileReference; lastKnownFileType = file.storyboard; path = Home.storyboard; sourceTree = "<group>"; };
		B4C81DEB283883B2002E2D4C /* FavoriteViewController.swift */ = {isa = PBXFileReference; lastKnownFileType = sourcecode.swift; path = FavoriteViewController.swift; sourceTree = "<group>"; };
		B4C81DED283883BC002E2D4C /* Favorite.storyboard */ = {isa = PBXFileReference; lastKnownFileType = file.storyboard; path = Favorite.storyboard; sourceTree = "<group>"; };
		BACD70EAFA93E1D4CE1D34E6 /* Pods-MCU-App.debug.xcconfig */ = {isa = PBXFileReference; includeInIndex = 1; lastKnownFileType = text.xcconfig; name = "Pods-MCU-App.debug.xcconfig"; path = "Target Support Files/Pods-MCU-App/Pods-MCU-App.debug.xcconfig"; sourceTree = "<group>"; };
		BF601E56AC1B9F752B8F9309 /* Pods-MCU-App-MCU-AppUITests.debug.xcconfig */ = {isa = PBXFileReference; includeInIndex = 1; lastKnownFileType = text.xcconfig; name = "Pods-MCU-App-MCU-AppUITests.debug.xcconfig"; path = "Target Support Files/Pods-MCU-App-MCU-AppUITests/Pods-MCU-App-MCU-AppUITests.debug.xcconfig"; sourceTree = "<group>"; };
		F3C5DD88A04075EC7F711E48 /* Pods-MCU-AppTests.release.xcconfig */ = {isa = PBXFileReference; includeInIndex = 1; lastKnownFileType = text.xcconfig; name = "Pods-MCU-AppTests.release.xcconfig"; path = "Target Support Files/Pods-MCU-AppTests/Pods-MCU-AppTests.release.xcconfig"; sourceTree = "<group>"; };
		FD0C43C1E34B8B5C04EF92B4 /* Pods_MCU_App_MCU_AppUITests.framework */ = {isa = PBXFileReference; explicitFileType = wrapper.framework; includeInIndex = 0; path = Pods_MCU_App_MCU_AppUITests.framework; sourceTree = BUILT_PRODUCTS_DIR; };
/* End PBXFileReference section */

/* Begin PBXFrameworksBuildPhase section */
		B4C81D9328378EA6002E2D4C /* Frameworks */ = {
			isa = PBXFrameworksBuildPhase;
			buildActionMask = 2147483647;
			files = (
				B4C81DD528378F9A002E2D4C /* RxMoya in Frameworks */,
				B4C81DCD28378F3D002E2D4C /* RealmSwift in Frameworks */,
				B4C81DD828386CED002E2D4C /* Parchment in Frameworks */,
				B4C81DD328378F9A002E2D4C /* ReactiveMoya in Frameworks */,
				B45F255C2838920700170675 /* Kingfisher in Frameworks */,
				B4C81DCB28378F3D002E2D4C /* Realm in Frameworks */,
				B4C81DD128378F9A002E2D4C /* Moya in Frameworks */,
				AB456284DA646C988D623697 /* Pods_MCU_App.framework in Frameworks */,
			);
			runOnlyForDeploymentPostprocessing = 0;
		};
		B4C81DA928378EB3002E2D4C /* Frameworks */ = {
			isa = PBXFrameworksBuildPhase;
			buildActionMask = 2147483647;
			files = (
				890A292A600A1BDA4590E835 /* Pods_MCU_AppTests.framework in Frameworks */,
			);
			runOnlyForDeploymentPostprocessing = 0;
		};
		B4C81DB328378EB3002E2D4C /* Frameworks */ = {
			isa = PBXFrameworksBuildPhase;
			buildActionMask = 2147483647;
			files = (
				74078AAD876ED71443DDBD7F /* Pods_MCU_App_MCU_AppUITests.framework in Frameworks */,
			);
			runOnlyForDeploymentPostprocessing = 0;
		};
/* End PBXFrameworksBuildPhase section */

/* Begin PBXGroup section */
		0BCA3D78286A53CEF04E3A4A /* Pods */ = {
			isa = PBXGroup;
			children = (
				BACD70EAFA93E1D4CE1D34E6 /* Pods-MCU-App.debug.xcconfig */,
				92037CE2724F24F8A5B5C458 /* Pods-MCU-App.release.xcconfig */,
				BF601E56AC1B9F752B8F9309 /* Pods-MCU-App-MCU-AppUITests.debug.xcconfig */,
				7A065C1A98D17D3A34397881 /* Pods-MCU-App-MCU-AppUITests.release.xcconfig */,
				A32840237E30861B4A561194 /* Pods-MCU-AppTests.debug.xcconfig */,
				F3C5DD88A04075EC7F711E48 /* Pods-MCU-AppTests.release.xcconfig */,
			);
			path = Pods;
			sourceTree = "<group>";
		};
		61FE3A5BE48553E2EE2968A7 /* Frameworks */ = {
			isa = PBXGroup;
			children = (
				88ED77952B108B6C1E2751CE /* Pods_MCU_App.framework */,
				FD0C43C1E34B8B5C04EF92B4 /* Pods_MCU_App_MCU_AppUITests.framework */,
				13121B31A9CEDB401D4C31FA /* Pods_MCU_AppTests.framework */,
			);
			name = Frameworks;
			sourceTree = "<group>";
		};
		B45F255228388B6400170675 /* View */ = {
			isa = PBXGroup;
			children = (
				B45F255328388B9200170675 /* MCUmovieCell.swift */,
				B45F255428388B9200170675 /* MCUmovieCell.xib */,
				B4C81D9D28378EA6002E2D4C /* MCUmovieViewController.swift */,
				B4C81D9F28378EA6002E2D4C /* MCUmovie.storyboard */,
			);
			path = View;
			sourceTree = "<group>";
		};
		B45F255728388E3A00170675 /* Model */ = {
			isa = PBXGroup;
			children = (
				B45F255828388E8B00170675 /* MCUModel.swift */,
			);
			path = Model;
			sourceTree = "<group>";
		};
		B45F255D283893C800170675 /* ViewModel */ = {
			isa = PBXGroup;
			children = (
				B45F255E283893E400170675 /* MCUViewModel.swift */,
			);
			path = ViewModel;
			sourceTree = "<group>";
		};
		B45F25602839C47C00170675 /* Utility */ = {
			isa = PBXGroup;
			children = (
				B45F25612839C48D00170675 /* MCUAPI.swift */,
			);
			path = Utility;
			sourceTree = "<group>";
		};
		B45F256B283A266700170675 /* View */ = {
			isa = PBXGroup;
			children = (
				B45F256C283A268500170675 /* MCUdramaCell.swift */,
				B45F256D283A268500170675 /* MCUdramaCell.xib */,
				B4C81DDB28386ED1002E2D4C /* MCUdramaViewController.swift */,
				B4C81DDD28386EDC002E2D4C /* MCUdrama.storyboard */,
			);
			path = View;
			sourceTree = "<group>";
		};
		B4C81D8D28378EA6002E2D4C = {
			isa = PBXGroup;
			children = (
				B4C81D9828378EA6002E2D4C /* MCU-App */,
				B4C81DAF28378EB3002E2D4C /* MCU-AppTests */,
				B4C81DB928378EB3002E2D4C /* MCU-AppUITests */,
				B4C81D9728378EA6002E2D4C /* Products */,
				0BCA3D78286A53CEF04E3A4A /* Pods */,
				61FE3A5BE48553E2EE2968A7 /* Frameworks */,
			);
			sourceTree = "<group>";
		};
		B4C81D9728378EA6002E2D4C /* Products */ = {
			isa = PBXGroup;
			children = (
				B4C81D9628378EA6002E2D4C /* MCU-App.app */,
				B4C81DAC28378EB3002E2D4C /* MCU-AppTests.xctest */,
				B4C81DB628378EB3002E2D4C /* MCU-AppUITests.xctest */,
			);
			name = Products;
			sourceTree = "<group>";
		};
		B4C81D9828378EA6002E2D4C /* MCU-App */ = {
			isa = PBXGroup;
			children = (
				B45F25602839C47C00170675 /* Utility */,
				B45F255D283893C800170675 /* ViewModel */,
				B45F255728388E3A00170675 /* Model */,
				B4C81DE7283882A1002E2D4C /* Resource */,
				B4C81DDF283870EE002E2D4C /* Extension */,
				B4C81DD928386DBC002E2D4C /* MCUmovie */,
				B4C81DDA28386DDE002E2D4C /* MCUdrama */,
				B4C81DE428387D4C002E2D4C /* Home */,
				B4C81DE828388362002E2D4C /* Favorite */,
			);
			path = "MCU-App";
			sourceTree = "<group>";
		};
		B4C81DAF28378EB3002E2D4C /* MCU-AppTests */ = {
			isa = PBXGroup;
			children = (
				B4C81DB028378EB3002E2D4C /* MCU_AppTests.swift */,
			);
			path = "MCU-AppTests";
			sourceTree = "<group>";
		};
		B4C81DB928378EB3002E2D4C /* MCU-AppUITests */ = {
			isa = PBXGroup;
			children = (
				B4C81DBA28378EB3002E2D4C /* MCU_AppUITests.swift */,
				B4C81DBC28378EB3002E2D4C /* MCU_AppUITestsLaunchTests.swift */,
			);
			path = "MCU-AppUITests";
			sourceTree = "<group>";
		};
		B4C81DD928386DBC002E2D4C /* MCUmovie */ = {
			isa = PBXGroup;
			children = (
				B45F255228388B6400170675 /* View */,
			);
			path = MCUmovie;
			sourceTree = "<group>";
		};
		B4C81DDA28386DDE002E2D4C /* MCUdrama */ = {
			isa = PBXGroup;
			children = (
				B45F256B283A266700170675 /* View */,
			);
			path = MCUdrama;
			sourceTree = "<group>";
		};
		B4C81DDF283870EE002E2D4C /* Extension */ = {
			isa = PBXGroup;
			children = (
				B4C81DE02838710F002E2D4C /* Storyboard+.swift */,
				B45F25692839FAFA00170675 /* MCUViewCellState.swift */,
			);
			path = Extension;
			sourceTree = "<group>";
		};
		B4C81DE428387D4C002E2D4C /* Home */ = {
			isa = PBXGroup;
			children = (
				B4C81DE228387D47002E2D4C /* HomeViewController.swift */,
				B4C81DE528387D58002E2D4C /* Home.storyboard */,
			);
			path = Home;
			sourceTree = "<group>";
		};
		B4C81DE7283882A1002E2D4C /* Resource */ = {
			isa = PBXGroup;
			children = (
				B4C81DA728378EB3002E2D4C /* Info.plist */,
				B4C81D9B28378EA6002E2D4C /* SceneDelegate.swift */,
				B4C81D9928378EA6002E2D4C /* AppDelegate.swift */,
				B4C81DA228378EB3002E2D4C /* Assets.xcassets */,
				B4C81DA428378EB3002E2D4C /* LaunchScreen.storyboard */,
			);
			path = Resource;
			sourceTree = "<group>";
		};
		B4C81DE828388362002E2D4C /* Favorite */ = {
			isa = PBXGroup;
			children = (
				B4C81DEB283883B2002E2D4C /* FavoriteViewController.swift */,
				B4C81DED283883BC002E2D4C /* Favorite.storyboard */,
			);
			path = Favorite;
			sourceTree = "<group>";
		};
/* End PBXGroup section */

/* Begin PBXNativeTarget section */
		B4C81D9528378EA6002E2D4C /* MCU-App */ = {
			isa = PBXNativeTarget;
			buildConfigurationList = B4C81DC028378EB3002E2D4C /* Build configuration list for PBXNativeTarget "MCU-App" */;
			buildPhases = (
				0C0F1BFE81244C9A0893BFCE /* [CP] Check Pods Manifest.lock */,
				B4C81D9228378EA6002E2D4C /* Sources */,
				B4C81D9328378EA6002E2D4C /* Frameworks */,
				B4C81D9428378EA6002E2D4C /* Resources */,
				DFB7F2B6EB327B2C8B3AAAC6 /* [CP] Embed Pods Frameworks */,
			);
			buildRules = (
			);
			dependencies = (
			);
			name = "MCU-App";
			packageProductDependencies = (
				B4C81DCA28378F3D002E2D4C /* Realm */,
				B4C81DCC28378F3D002E2D4C /* RealmSwift */,
				B4C81DD028378F9A002E2D4C /* Moya */,
				B4C81DD228378F9A002E2D4C /* ReactiveMoya */,
				B4C81DD428378F9A002E2D4C /* RxMoya */,
				B4C81DD728386CED002E2D4C /* Parchment */,
				B45F255B2838920700170675 /* Kingfisher */,
			);
			productName = "MCU-App";
			productReference = B4C81D9628378EA6002E2D4C /* MCU-App.app */;
			productType = "com.apple.product-type.application";
		};
		B4C81DAB28378EB3002E2D4C /* MCU-AppTests */ = {
			isa = PBXNativeTarget;
			buildConfigurationList = B4C81DC328378EB3002E2D4C /* Build configuration list for PBXNativeTarget "MCU-AppTests" */;
			buildPhases = (
				E5F0FFC712D381C54083C090 /* [CP] Check Pods Manifest.lock */,
				B4C81DA828378EB3002E2D4C /* Sources */,
				B4C81DA928378EB3002E2D4C /* Frameworks */,
				B4C81DAA28378EB3002E2D4C /* Resources */,
			);
			buildRules = (
			);
			dependencies = (
				B4C81DAE28378EB3002E2D4C /* PBXTargetDependency */,
			);
			name = "MCU-AppTests";
			productName = "MCU-AppTests";
			productReference = B4C81DAC28378EB3002E2D4C /* MCU-AppTests.xctest */;
			productType = "com.apple.product-type.bundle.unit-test";
		};
		B4C81DB528378EB3002E2D4C /* MCU-AppUITests */ = {
			isa = PBXNativeTarget;
			buildConfigurationList = B4C81DC628378EB3002E2D4C /* Build configuration list for PBXNativeTarget "MCU-AppUITests" */;
			buildPhases = (
				D8482C0A43B52E8D39151A08 /* [CP] Check Pods Manifest.lock */,
				B4C81DB228378EB3002E2D4C /* Sources */,
				B4C81DB328378EB3002E2D4C /* Frameworks */,
				B4C81DB428378EB3002E2D4C /* Resources */,
				6851D0D6B0F6E570F0A6AAD4 /* [CP] Embed Pods Frameworks */,
			);
			buildRules = (
			);
			dependencies = (
				B4C81DB828378EB3002E2D4C /* PBXTargetDependency */,
			);
			name = "MCU-AppUITests";
			productName = "MCU-AppUITests";
			productReference = B4C81DB628378EB3002E2D4C /* MCU-AppUITests.xctest */;
			productType = "com.apple.product-type.bundle.ui-testing";
		};
/* End PBXNativeTarget section */

/* Begin PBXProject section */
		B4C81D8E28378EA6002E2D4C /* Project object */ = {
			isa = PBXProject;
			attributes = {
				BuildIndependentTargetsInParallel = 1;
				LastSwiftUpdateCheck = 1340;
				LastUpgradeCheck = 1340;
				TargetAttributes = {
					B4C81D9528378EA6002E2D4C = {
						CreatedOnToolsVersion = 13.4;
					};
					B4C81DAB28378EB3002E2D4C = {
						CreatedOnToolsVersion = 13.4;
						TestTargetID = B4C81D9528378EA6002E2D4C;
					};
					B4C81DB528378EB3002E2D4C = {
						CreatedOnToolsVersion = 13.4;
						TestTargetID = B4C81D9528378EA6002E2D4C;
					};
				};
			};
			buildConfigurationList = B4C81D9128378EA6002E2D4C /* Build configuration list for PBXProject "MCU-App" */;
			compatibilityVersion = "Xcode 13.0";
			developmentRegion = en;
			hasScannedForEncodings = 0;
			knownRegions = (
				en,
				Base,
			);
			mainGroup = B4C81D8D28378EA6002E2D4C;
			packageReferences = (
				B4C81DC928378F3D002E2D4C /* XCRemoteSwiftPackageReference "realm-swift" */,
				B4C81DCF28378F9A002E2D4C /* XCRemoteSwiftPackageReference "Moya" */,
				B4C81DD628386CEC002E2D4C /* XCRemoteSwiftPackageReference "Parchment" */,
				B45F255A2838920600170675 /* XCRemoteSwiftPackageReference "Kingfisher" */,
			);
			productRefGroup = B4C81D9728378EA6002E2D4C /* Products */;
			projectDirPath = "";
			projectRoot = "";
			targets = (
				B4C81D9528378EA6002E2D4C /* MCU-App */,
				B4C81DAB28378EB3002E2D4C /* MCU-AppTests */,
				B4C81DB528378EB3002E2D4C /* MCU-AppUITests */,
			);
		};
/* End PBXProject section */

/* Begin PBXResourcesBuildPhase section */
		B4C81D9428378EA6002E2D4C /* Resources */ = {
			isa = PBXResourcesBuildPhase;
			buildActionMask = 2147483647;
			files = (
				B45F255628388B9200170675 /* MCUmovieCell.xib in Resources */,
				B4C81DDE28386EDC002E2D4C /* MCUdrama.storyboard in Resources */,
				B4C81DE628387D58002E2D4C /* Home.storyboard in Resources */,
				B45F256F283A268500170675 /* MCUdramaCell.xib in Resources */,
				B4C81DEE283883BC002E2D4C /* Favorite.storyboard in Resources */,
				B4C81DA628378EB3002E2D4C /* LaunchScreen.storyboard in Resources */,
				B4C81DA328378EB3002E2D4C /* Assets.xcassets in Resources */,
				B4C81DA128378EA7002E2D4C /* MCUmovie.storyboard in Resources */,
			);
			runOnlyForDeploymentPostprocessing = 0;
		};
		B4C81DAA28378EB3002E2D4C /* Resources */ = {
			isa = PBXResourcesBuildPhase;
			buildActionMask = 2147483647;
			files = (
			);
			runOnlyForDeploymentPostprocessing = 0;
		};
		B4C81DB428378EB3002E2D4C /* Resources */ = {
			isa = PBXResourcesBuildPhase;
			buildActionMask = 2147483647;
			files = (
			);
			runOnlyForDeploymentPostprocessing = 0;
		};
/* End PBXResourcesBuildPhase section */

/* Begin PBXShellScriptBuildPhase section */
		0C0F1BFE81244C9A0893BFCE /* [CP] Check Pods Manifest.lock */ = {
			isa = PBXShellScriptBuildPhase;
			buildActionMask = 2147483647;
			files = (
			);
			inputFileListPaths = (
			);
			inputPaths = (
				"${PODS_PODFILE_DIR_PATH}/Podfile.lock",
				"${PODS_ROOT}/Manifest.lock",
			);
			name = "[CP] Check Pods Manifest.lock";
			outputFileListPaths = (
			);
			outputPaths = (
				"$(DERIVED_FILE_DIR)/Pods-MCU-App-checkManifestLockResult.txt",
			);
			runOnlyForDeploymentPostprocessing = 0;
			shellPath = /bin/sh;
			shellScript = "diff \"${PODS_PODFILE_DIR_PATH}/Podfile.lock\" \"${PODS_ROOT}/Manifest.lock\" > /dev/null\nif [ $? != 0 ] ; then\n    # print error to STDERR\n    echo \"error: The sandbox is not in sync with the Podfile.lock. Run 'pod install' or update your CocoaPods installation.\" >&2\n    exit 1\nfi\n# This output is used by Xcode 'outputs' to avoid re-running this script phase.\necho \"SUCCESS\" > \"${SCRIPT_OUTPUT_FILE_0}\"\n";
			showEnvVarsInLog = 0;
		};
		6851D0D6B0F6E570F0A6AAD4 /* [CP] Embed Pods Frameworks */ = {
			isa = PBXShellScriptBuildPhase;
			buildActionMask = 2147483647;
			files = (
			);
			inputFileListPaths = (
				"${PODS_ROOT}/Target Support Files/Pods-MCU-App-MCU-AppUITests/Pods-MCU-App-MCU-AppUITests-frameworks-${CONFIGURATION}-input-files.xcfilelist",
			);
			name = "[CP] Embed Pods Frameworks";
			outputFileListPaths = (
				"${PODS_ROOT}/Target Support Files/Pods-MCU-App-MCU-AppUITests/Pods-MCU-App-MCU-AppUITests-frameworks-${CONFIGURATION}-output-files.xcfilelist",
			);
			runOnlyForDeploymentPostprocessing = 0;
			shellPath = /bin/sh;
			shellScript = "\"${PODS_ROOT}/Target Support Files/Pods-MCU-App-MCU-AppUITests/Pods-MCU-App-MCU-AppUITests-frameworks.sh\"\n";
			showEnvVarsInLog = 0;
		};
		D8482C0A43B52E8D39151A08 /* [CP] Check Pods Manifest.lock */ = {
			isa = PBXShellScriptBuildPhase;
			buildActionMask = 2147483647;
			files = (
			);
			inputFileListPaths = (
			);
			inputPaths = (
				"${PODS_PODFILE_DIR_PATH}/Podfile.lock",
				"${PODS_ROOT}/Manifest.lock",
			);
			name = "[CP] Check Pods Manifest.lock";
			outputFileListPaths = (
			);
			outputPaths = (
				"$(DERIVED_FILE_DIR)/Pods-MCU-App-MCU-AppUITests-checkManifestLockResult.txt",
			);
			runOnlyForDeploymentPostprocessing = 0;
			shellPath = /bin/sh;
			shellScript = "diff \"${PODS_PODFILE_DIR_PATH}/Podfile.lock\" \"${PODS_ROOT}/Manifest.lock\" > /dev/null\nif [ $? != 0 ] ; then\n    # print error to STDERR\n    echo \"error: The sandbox is not in sync with the Podfile.lock. Run 'pod install' or update your CocoaPods installation.\" >&2\n    exit 1\nfi\n# This output is used by Xcode 'outputs' to avoid re-running this script phase.\necho \"SUCCESS\" > \"${SCRIPT_OUTPUT_FILE_0}\"\n";
			showEnvVarsInLog = 0;
		};
		DFB7F2B6EB327B2C8B3AAAC6 /* [CP] Embed Pods Frameworks */ = {
			isa = PBXShellScriptBuildPhase;
			buildActionMask = 2147483647;
			files = (
			);
			inputFileListPaths = (
				"${PODS_ROOT}/Target Support Files/Pods-MCU-App/Pods-MCU-App-frameworks-${CONFIGURATION}-input-files.xcfilelist",
			);
			name = "[CP] Embed Pods Frameworks";
			outputFileListPaths = (
				"${PODS_ROOT}/Target Support Files/Pods-MCU-App/Pods-MCU-App-frameworks-${CONFIGURATION}-output-files.xcfilelist",
			);
			runOnlyForDeploymentPostprocessing = 0;
			shellPath = /bin/sh;
			shellScript = "\"${PODS_ROOT}/Target Support Files/Pods-MCU-App/Pods-MCU-App-frameworks.sh\"\n";
			showEnvVarsInLog = 0;
		};
		E5F0FFC712D381C54083C090 /* [CP] Check Pods Manifest.lock */ = {
			isa = PBXShellScriptBuildPhase;
			buildActionMask = 2147483647;
			files = (
			);
			inputFileListPaths = (
			);
			inputPaths = (
				"${PODS_PODFILE_DIR_PATH}/Podfile.lock",
				"${PODS_ROOT}/Manifest.lock",
			);
			name = "[CP] Check Pods Manifest.lock";
			outputFileListPaths = (
			);
			outputPaths = (
				"$(DERIVED_FILE_DIR)/Pods-MCU-AppTests-checkManifestLockResult.txt",
			);
			runOnlyForDeploymentPostprocessing = 0;
			shellPath = /bin/sh;
			shellScript = "diff \"${PODS_PODFILE_DIR_PATH}/Podfile.lock\" \"${PODS_ROOT}/Manifest.lock\" > /dev/null\nif [ $? != 0 ] ; then\n    # print error to STDERR\n    echo \"error: The sandbox is not in sync with the Podfile.lock. Run 'pod install' or update your CocoaPods installation.\" >&2\n    exit 1\nfi\n# This output is used by Xcode 'outputs' to avoid re-running this script phase.\necho \"SUCCESS\" > \"${SCRIPT_OUTPUT_FILE_0}\"\n";
			showEnvVarsInLog = 0;
		};
/* End PBXShellScriptBuildPhase section */

/* Begin PBXSourcesBuildPhase section */
		B4C81D9228378EA6002E2D4C /* Sources */ = {
			isa = PBXSourcesBuildPhase;
			buildActionMask = 2147483647;
			files = (
				B45F256A2839FAFB00170675 /* MCUViewCellState.swift in Sources */,
				B4C81DDC28386ED1002E2D4C /* MCUdramaViewController.swift in Sources */,
				B4C81D9E28378EA6002E2D4C /* MCUmovieViewController.swift in Sources */,
				B45F255928388E8B00170675 /* MCUModel.swift in Sources */,
				B45F25622839C48D00170675 /* MCUAPI.swift in Sources */,
				B4C81D9A28378EA6002E2D4C /* AppDelegate.swift in Sources */,
				B4C81DEC283883B2002E2D4C /* FavoriteViewController.swift in Sources */,
				B45F255528388B9200170675 /* MCUmovieCell.swift in Sources */,
				B45F255F283893E400170675 /* MCUViewModel.swift in Sources */,
				B45F256E283A268500170675 /* MCUdramaCell.swift in Sources */,
				B4C81DE12838710F002E2D4C /* Storyboard+.swift in Sources */,
				B4C81D9C28378EA6002E2D4C /* SceneDelegate.swift in Sources */,
				B4C81DE328387D47002E2D4C /* HomeViewController.swift in Sources */,
			);
			runOnlyForDeploymentPostprocessing = 0;
		};
		B4C81DA828378EB3002E2D4C /* Sources */ = {
			isa = PBXSourcesBuildPhase;
			buildActionMask = 2147483647;
			files = (
				B4C81DB128378EB3002E2D4C /* MCU_AppTests.swift in Sources */,
			);
			runOnlyForDeploymentPostprocessing = 0;
		};
		B4C81DB228378EB3002E2D4C /* Sources */ = {
			isa = PBXSourcesBuildPhase;
			buildActionMask = 2147483647;
			files = (
				B4C81DBD28378EB3002E2D4C /* MCU_AppUITestsLaunchTests.swift in Sources */,
				B4C81DBB28378EB3002E2D4C /* MCU_AppUITests.swift in Sources */,
			);
			runOnlyForDeploymentPostprocessing = 0;
		};
/* End PBXSourcesBuildPhase section */

/* Begin PBXTargetDependency section */
		B4C81DAE28378EB3002E2D4C /* PBXTargetDependency */ = {
			isa = PBXTargetDependency;
			target = B4C81D9528378EA6002E2D4C /* MCU-App */;
			targetProxy = B4C81DAD28378EB3002E2D4C /* PBXContainerItemProxy */;
		};
		B4C81DB828378EB3002E2D4C /* PBXTargetDependency */ = {
			isa = PBXTargetDependency;
			target = B4C81D9528378EA6002E2D4C /* MCU-App */;
			targetProxy = B4C81DB728378EB3002E2D4C /* PBXContainerItemProxy */;
		};
/* End PBXTargetDependency section */

/* Begin PBXVariantGroup section */
		B4C81D9F28378EA6002E2D4C /* MCUmovie.storyboard */ = {
			isa = PBXVariantGroup;
			children = (
				B4C81DA028378EA7002E2D4C /* Base */,
			);
			name = MCUmovie.storyboard;
			sourceTree = "<group>";
		};
		B4C81DA428378EB3002E2D4C /* LaunchScreen.storyboard */ = {
			isa = PBXVariantGroup;
			children = (
				B4C81DA528378EB3002E2D4C /* Base */,
			);
			name = LaunchScreen.storyboard;
			sourceTree = "<group>";
		};
/* End PBXVariantGroup section */

/* Begin XCBuildConfiguration section */
		B4C81DBE28378EB3002E2D4C /* Debug */ = {
			isa = XCBuildConfiguration;
			buildSettings = {
				ALWAYS_SEARCH_USER_PATHS = NO;
				CLANG_ANALYZER_LOCALIZABILITY_NONLOCALIZED = YES;
				CLANG_ANALYZER_NONNULL = YES;
				CLANG_ANALYZER_NUMBER_OBJECT_CONVERSION = YES_AGGRESSIVE;
				CLANG_CXX_LANGUAGE_STANDARD = "gnu++17";
				CLANG_ENABLE_MODULES = YES;
				CLANG_ENABLE_OBJC_ARC = YES;
				CLANG_ENABLE_OBJC_WEAK = YES;
				CLANG_WARN_BLOCK_CAPTURE_AUTORELEASING = YES;
				CLANG_WARN_BOOL_CONVERSION = YES;
				CLANG_WARN_COMMA = YES;
				CLANG_WARN_CONSTANT_CONVERSION = YES;
				CLANG_WARN_DEPRECATED_OBJC_IMPLEMENTATIONS = YES;
				CLANG_WARN_DIRECT_OBJC_ISA_USAGE = YES_ERROR;
				CLANG_WARN_DOCUMENTATION_COMMENTS = YES;
				CLANG_WARN_EMPTY_BODY = YES;
				CLANG_WARN_ENUM_CONVERSION = YES;
				CLANG_WARN_INFINITE_RECURSION = YES;
				CLANG_WARN_INT_CONVERSION = YES;
				CLANG_WARN_NON_LITERAL_NULL_CONVERSION = YES;
				CLANG_WARN_OBJC_IMPLICIT_RETAIN_SELF = YES;
				CLANG_WARN_OBJC_LITERAL_CONVERSION = YES;
				CLANG_WARN_OBJC_ROOT_CLASS = YES_ERROR;
				CLANG_WARN_QUOTED_INCLUDE_IN_FRAMEWORK_HEADER = YES;
				CLANG_WARN_RANGE_LOOP_ANALYSIS = YES;
				CLANG_WARN_STRICT_PROTOTYPES = YES;
				CLANG_WARN_SUSPICIOUS_MOVE = YES;
				CLANG_WARN_UNGUARDED_AVAILABILITY = YES_AGGRESSIVE;
				CLANG_WARN_UNREACHABLE_CODE = YES;
				CLANG_WARN__DUPLICATE_METHOD_MATCH = YES;
				COPY_PHASE_STRIP = NO;
				DEBUG_INFORMATION_FORMAT = dwarf;
				ENABLE_STRICT_OBJC_MSGSEND = YES;
				ENABLE_TESTABILITY = YES;
				GCC_C_LANGUAGE_STANDARD = gnu11;
				GCC_DYNAMIC_NO_PIC = NO;
				GCC_NO_COMMON_BLOCKS = YES;
				GCC_OPTIMIZATION_LEVEL = 0;
				GCC_PREPROCESSOR_DEFINITIONS = (
					"DEBUG=1",
					"$(inherited)",
				);
				GCC_WARN_64_TO_32_BIT_CONVERSION = YES;
				GCC_WARN_ABOUT_RETURN_TYPE = YES_ERROR;
				GCC_WARN_UNDECLARED_SELECTOR = YES;
				GCC_WARN_UNINITIALIZED_AUTOS = YES_AGGRESSIVE;
				GCC_WARN_UNUSED_FUNCTION = YES;
				GCC_WARN_UNUSED_VARIABLE = YES;
				IPHONEOS_DEPLOYMENT_TARGET = 15.5;
				MTL_ENABLE_DEBUG_INFO = INCLUDE_SOURCE;
				MTL_FAST_MATH = YES;
				ONLY_ACTIVE_ARCH = YES;
				SDKROOT = iphoneos;
				SWIFT_ACTIVE_COMPILATION_CONDITIONS = DEBUG;
				SWIFT_OPTIMIZATION_LEVEL = "-Onone";
			};
			name = Debug;
		};
		B4C81DBF28378EB3002E2D4C /* Release */ = {
			isa = XCBuildConfiguration;
			buildSettings = {
				ALWAYS_SEARCH_USER_PATHS = NO;
				CLANG_ANALYZER_LOCALIZABILITY_NONLOCALIZED = YES;
				CLANG_ANALYZER_NONNULL = YES;
				CLANG_ANALYZER_NUMBER_OBJECT_CONVERSION = YES_AGGRESSIVE;
				CLANG_CXX_LANGUAGE_STANDARD = "gnu++17";
				CLANG_ENABLE_MODULES = YES;
				CLANG_ENABLE_OBJC_ARC = YES;
				CLANG_ENABLE_OBJC_WEAK = YES;
				CLANG_WARN_BLOCK_CAPTURE_AUTORELEASING = YES;
				CLANG_WARN_BOOL_CONVERSION = YES;
				CLANG_WARN_COMMA = YES;
				CLANG_WARN_CONSTANT_CONVERSION = YES;
				CLANG_WARN_DEPRECATED_OBJC_IMPLEMENTATIONS = YES;
				CLANG_WARN_DIRECT_OBJC_ISA_USAGE = YES_ERROR;
				CLANG_WARN_DOCUMENTATION_COMMENTS = YES;
				CLANG_WARN_EMPTY_BODY = YES;
				CLANG_WARN_ENUM_CONVERSION = YES;
				CLANG_WARN_INFINITE_RECURSION = YES;
				CLANG_WARN_INT_CONVERSION = YES;
				CLANG_WARN_NON_LITERAL_NULL_CONVERSION = YES;
				CLANG_WARN_OBJC_IMPLICIT_RETAIN_SELF = YES;
				CLANG_WARN_OBJC_LITERAL_CONVERSION = YES;
				CLANG_WARN_OBJC_ROOT_CLASS = YES_ERROR;
				CLANG_WARN_QUOTED_INCLUDE_IN_FRAMEWORK_HEADER = YES;
				CLANG_WARN_RANGE_LOOP_ANALYSIS = YES;
				CLANG_WARN_STRICT_PROTOTYPES = YES;
				CLANG_WARN_SUSPICIOUS_MOVE = YES;
				CLANG_WARN_UNGUARDED_AVAILABILITY = YES_AGGRESSIVE;
				CLANG_WARN_UNREACHABLE_CODE = YES;
				CLANG_WARN__DUPLICATE_METHOD_MATCH = YES;
				COPY_PHASE_STRIP = NO;
				DEBUG_INFORMATION_FORMAT = "dwarf-with-dsym";
				ENABLE_NS_ASSERTIONS = NO;
				ENABLE_STRICT_OBJC_MSGSEND = YES;
				GCC_C_LANGUAGE_STANDARD = gnu11;
				GCC_NO_COMMON_BLOCKS = YES;
				GCC_WARN_64_TO_32_BIT_CONVERSION = YES;
				GCC_WARN_ABOUT_RETURN_TYPE = YES_ERROR;
				GCC_WARN_UNDECLARED_SELECTOR = YES;
				GCC_WARN_UNINITIALIZED_AUTOS = YES_AGGRESSIVE;
				GCC_WARN_UNUSED_FUNCTION = YES;
				GCC_WARN_UNUSED_VARIABLE = YES;
				IPHONEOS_DEPLOYMENT_TARGET = 15.5;
				MTL_ENABLE_DEBUG_INFO = NO;
				MTL_FAST_MATH = YES;
				SDKROOT = iphoneos;
				SWIFT_COMPILATION_MODE = wholemodule;
				SWIFT_OPTIMIZATION_LEVEL = "-O";
				VALIDATE_PRODUCT = YES;
			};
			name = Release;
		};
		B4C81DC128378EB3002E2D4C /* Debug */ = {
			isa = XCBuildConfiguration;
			baseConfigurationReference = BACD70EAFA93E1D4CE1D34E6 /* Pods-MCU-App.debug.xcconfig */;
			buildSettings = {
				ASSETCATALOG_COMPILER_APPICON_NAME = AppIcon;
				ASSETCATALOG_COMPILER_GLOBAL_ACCENT_COLOR_NAME = AccentColor;
				CODE_SIGN_STYLE = Automatic;
				CURRENT_PROJECT_VERSION = 1;
				GENERATE_INFOPLIST_FILE = YES;
				INFOPLIST_FILE = "MCU-App/Resource/Info.plist";
				INFOPLIST_KEY_UIApplicationSupportsIndirectInputEvents = YES;
				INFOPLIST_KEY_UILaunchStoryboardName = LaunchScreen;
				INFOPLIST_KEY_UIMainStoryboardFile = Home;
				INFOPLIST_KEY_UISupportedInterfaceOrientations_iPad = "UIInterfaceOrientationPortrait UIInterfaceOrientationPortraitUpsideDown UIInterfaceOrientationLandscapeLeft UIInterfaceOrientationLandscapeRight";
				INFOPLIST_KEY_UISupportedInterfaceOrientations_iPhone = "UIInterfaceOrientationPortrait UIInterfaceOrientationLandscapeLeft UIInterfaceOrientationLandscapeRight";
				LD_RUNPATH_SEARCH_PATHS = (
					"$(inherited)",
					"@executable_path/Frameworks",
				);
				MARKETING_VERSION = 1.0;
				PRODUCT_BUNDLE_IDENTIFIER = "swift-tk.MCU-App";
				PRODUCT_NAME = "$(TARGET_NAME)";
				SWIFT_EMIT_LOC_STRINGS = YES;
				SWIFT_VERSION = 5.0;
				TARGETED_DEVICE_FAMILY = "1,2";
			};
			name = Debug;
		};
		B4C81DC228378EB3002E2D4C /* Release */ = {
			isa = XCBuildConfiguration;
			baseConfigurationReference = 92037CE2724F24F8A5B5C458 /* Pods-MCU-App.release.xcconfig */;
			buildSettings = {
				ASSETCATALOG_COMPILER_APPICON_NAME = AppIcon;
				ASSETCATALOG_COMPILER_GLOBAL_ACCENT_COLOR_NAME = AccentColor;
				CODE_SIGN_STYLE = Automatic;
				CURRENT_PROJECT_VERSION = 1;
				GENERATE_INFOPLIST_FILE = YES;
				INFOPLIST_FILE = "MCU-App/Resource/Info.plist";
				INFOPLIST_KEY_UIApplicationSupportsIndirectInputEvents = YES;
				INFOPLIST_KEY_UILaunchStoryboardName = LaunchScreen;
				INFOPLIST_KEY_UIMainStoryboardFile = Home;
				INFOPLIST_KEY_UISupportedInterfaceOrientations_iPad = "UIInterfaceOrientationPortrait UIInterfaceOrientationPortraitUpsideDown UIInterfaceOrientationLandscapeLeft UIInterfaceOrientationLandscapeRight";
				INFOPLIST_KEY_UISupportedInterfaceOrientations_iPhone = "UIInterfaceOrientationPortrait UIInterfaceOrientationLandscapeLeft UIInterfaceOrientationLandscapeRight";
				LD_RUNPATH_SEARCH_PATHS = (
					"$(inherited)",
					"@executable_path/Frameworks",
				);
				MARKETING_VERSION = 1.0;
				PRODUCT_BUNDLE_IDENTIFIER = "swift-tk.MCU-App";
				PRODUCT_NAME = "$(TARGET_NAME)";
				SWIFT_EMIT_LOC_STRINGS = YES;
				SWIFT_VERSION = 5.0;
				TARGETED_DEVICE_FAMILY = "1,2";
			};
			name = Release;
		};
		B4C81DC428378EB3002E2D4C /* Debug */ = {
			isa = XCBuildConfiguration;
			baseConfigurationReference = A32840237E30861B4A561194 /* Pods-MCU-AppTests.debug.xcconfig */;
			buildSettings = {
				ALWAYS_EMBED_SWIFT_STANDARD_LIBRARIES = YES;
				BUNDLE_LOADER = "$(TEST_HOST)";
				CODE_SIGN_STYLE = Automatic;
				CURRENT_PROJECT_VERSION = 1;
				GENERATE_INFOPLIST_FILE = YES;
				IPHONEOS_DEPLOYMENT_TARGET = 15.5;
				MARKETING_VERSION = 1.0;
				PRODUCT_BUNDLE_IDENTIFIER = "swift-tk.MCU-AppTests";
				PRODUCT_NAME = "$(TARGET_NAME)";
				SWIFT_EMIT_LOC_STRINGS = NO;
				SWIFT_VERSION = 5.0;
				TARGETED_DEVICE_FAMILY = "1,2";
				TEST_HOST = "$(BUILT_PRODUCTS_DIR)/MCU-App.app/MCU-App";
			};
			name = Debug;
		};
		B4C81DC528378EB3002E2D4C /* Release */ = {
			isa = XCBuildConfiguration;
			baseConfigurationReference = F3C5DD88A04075EC7F711E48 /* Pods-MCU-AppTests.release.xcconfig */;
			buildSettings = {
				ALWAYS_EMBED_SWIFT_STANDARD_LIBRARIES = YES;
				BUNDLE_LOADER = "$(TEST_HOST)";
				CODE_SIGN_STYLE = Automatic;
				CURRENT_PROJECT_VERSION = 1;
				GENERATE_INFOPLIST_FILE = YES;
				IPHONEOS_DEPLOYMENT_TARGET = 15.5;
				MARKETING_VERSION = 1.0;
				PRODUCT_BUNDLE_IDENTIFIER = "swift-tk.MCU-AppTests";
				PRODUCT_NAME = "$(TARGET_NAME)";
				SWIFT_EMIT_LOC_STRINGS = NO;
				SWIFT_VERSION = 5.0;
				TARGETED_DEVICE_FAMILY = "1,2";
				TEST_HOST = "$(BUILT_PRODUCTS_DIR)/MCU-App.app/MCU-App";
			};
			name = Release;
		};
		B4C81DC728378EB3002E2D4C /* Debug */ = {
			isa = XCBuildConfiguration;
			baseConfigurationReference = BF601E56AC1B9F752B8F9309 /* Pods-MCU-App-MCU-AppUITests.debug.xcconfig */;
			buildSettings = {
				ALWAYS_EMBED_SWIFT_STANDARD_LIBRARIES = YES;
				CODE_SIGN_STYLE = Automatic;
				CURRENT_PROJECT_VERSION = 1;
				GENERATE_INFOPLIST_FILE = YES;
				MARKETING_VERSION = 1.0;
				PRODUCT_BUNDLE_IDENTIFIER = "swift-tk.MCU-AppUITests";
				PRODUCT_NAME = "$(TARGET_NAME)";
				SWIFT_EMIT_LOC_STRINGS = NO;
				SWIFT_VERSION = 5.0;
				TARGETED_DEVICE_FAMILY = "1,2";
				TEST_TARGET_NAME = "MCU-App";
			};
			name = Debug;
		};
		B4C81DC828378EB3002E2D4C /* Release */ = {
			isa = XCBuildConfiguration;
			baseConfigurationReference = 7A065C1A98D17D3A34397881 /* Pods-MCU-App-MCU-AppUITests.release.xcconfig */;
			buildSettings = {
				ALWAYS_EMBED_SWIFT_STANDARD_LIBRARIES = YES;
				CODE_SIGN_STYLE = Automatic;
				CURRENT_PROJECT_VERSION = 1;
				GENERATE_INFOPLIST_FILE = YES;
				MARKETING_VERSION = 1.0;
				PRODUCT_BUNDLE_IDENTIFIER = "swift-tk.MCU-AppUITests";
				PRODUCT_NAME = "$(TARGET_NAME)";
				SWIFT_EMIT_LOC_STRINGS = NO;
				SWIFT_VERSION = 5.0;
				TARGETED_DEVICE_FAMILY = "1,2";
				TEST_TARGET_NAME = "MCU-App";
			};
			name = Release;
		};
/* End XCBuildConfiguration section */

/* Begin XCConfigurationList section */
		B4C81D9128378EA6002E2D4C /* Build configuration list for PBXProject "MCU-App" */ = {
			isa = XCConfigurationList;
			buildConfigurations = (
				B4C81DBE28378EB3002E2D4C /* Debug */,
				B4C81DBF28378EB3002E2D4C /* Release */,
			);
			defaultConfigurationIsVisible = 0;
			defaultConfigurationName = Release;
		};
		B4C81DC028378EB3002E2D4C /* Build configuration list for PBXNativeTarget "MCU-App" */ = {
			isa = XCConfigurationList;
			buildConfigurations = (
				B4C81DC128378EB3002E2D4C /* Debug */,
				B4C81DC228378EB3002E2D4C /* Release */,
			);
			defaultConfigurationIsVisible = 0;
			defaultConfigurationName = Release;
		};
		B4C81DC328378EB3002E2D4C /* Build configuration list for PBXNativeTarget "MCU-AppTests" */ = {
			isa = XCConfigurationList;
			buildConfigurations = (
				B4C81DC428378EB3002E2D4C /* Debug */,
				B4C81DC528378EB3002E2D4C /* Release */,
			);
			defaultConfigurationIsVisible = 0;
			defaultConfigurationName = Release;
		};
		B4C81DC628378EB3002E2D4C /* Build configuration list for PBXNativeTarget "MCU-AppUITests" */ = {
			isa = XCConfigurationList;
			buildConfigurations = (
				B4C81DC728378EB3002E2D4C /* Debug */,
				B4C81DC828378EB3002E2D4C /* Release */,
			);
			defaultConfigurationIsVisible = 0;
			defaultConfigurationName = Release;
		};
/* End XCConfigurationList section */

/* Begin XCRemoteSwiftPackageReference section */
		B45F255A2838920600170675 /* XCRemoteSwiftPackageReference "Kingfisher" */ = {
			isa = XCRemoteSwiftPackageReference;
			repositoryURL = "https://github.com/onevcat/Kingfisher";
			requirement = {
				branch = master;
				kind = branch;
			};
		};
		B4C81DC928378F3D002E2D4C /* XCRemoteSwiftPackageReference "realm-swift" */ = {
			isa = XCRemoteSwiftPackageReference;
			repositoryURL = "https://github.com/realm/realm-swift";
			requirement = {
				branch = master;
				kind = branch;
			};
		};
		B4C81DCF28378F9A002E2D4C /* XCRemoteSwiftPackageReference "Moya" */ = {
			isa = XCRemoteSwiftPackageReference;
			repositoryURL = "https://github.com/Moya/Moya";
			requirement = {
				branch = master;
				kind = branch;
			};
		};
		B4C81DD628386CEC002E2D4C /* XCRemoteSwiftPackageReference "Parchment" */ = {
			isa = XCRemoteSwiftPackageReference;
			repositoryURL = "https://github.com/rechsteiner/Parchment";
			requirement = {
				branch = main;
				kind = branch;
			};
		};
/* End XCRemoteSwiftPackageReference section */

/* Begin XCSwiftPackageProductDependency section */
		B45F255B2838920700170675 /* Kingfisher */ = {
			isa = XCSwiftPackageProductDependency;
			package = B45F255A2838920600170675 /* XCRemoteSwiftPackageReference "Kingfisher" */;
			productName = Kingfisher;
		};
		B4C81DCA28378F3D002E2D4C /* Realm */ = {
			isa = XCSwiftPackageProductDependency;
			package = B4C81DC928378F3D002E2D4C /* XCRemoteSwiftPackageReference "realm-swift" */;
			productName = Realm;
		};
		B4C81DCC28378F3D002E2D4C /* RealmSwift */ = {
			isa = XCSwiftPackageProductDependency;
			package = B4C81DC928378F3D002E2D4C /* XCRemoteSwiftPackageReference "realm-swift" */;
			productName = RealmSwift;
		};
		B4C81DD028378F9A002E2D4C /* Moya */ = {
			isa = XCSwiftPackageProductDependency;
			package = B4C81DCF28378F9A002E2D4C /* XCRemoteSwiftPackageReference "Moya" */;
			productName = Moya;
		};
		B4C81DD228378F9A002E2D4C /* ReactiveMoya */ = {
			isa = XCSwiftPackageProductDependency;
			package = B4C81DCF28378F9A002E2D4C /* XCRemoteSwiftPackageReference "Moya" */;
			productName = ReactiveMoya;
		};
		B4C81DD428378F9A002E2D4C /* RxMoya */ = {
			isa = XCSwiftPackageProductDependency;
			package = B4C81DCF28378F9A002E2D4C /* XCRemoteSwiftPackageReference "Moya" */;
			productName = RxMoya;
		};
		B4C81DD728386CED002E2D4C /* Parchment */ = {
			isa = XCSwiftPackageProductDependency;
			package = B4C81DD628386CEC002E2D4C /* XCRemoteSwiftPackageReference "Parchment" */;
			productName = Parchment;
		};
/* End XCSwiftPackageProductDependency section */
	};
	rootObject = B4C81D8E28378EA6002E2D4C /* Project object */;
}
